
Microsoft Visual Studio Solution File, Format Version 12.00
# Visual Studio Version 16
VisualStudioVersion = 16.0.31313.79
MinimumVisualStudioVersion = 10.0.40219.1
Project("{2150E333-8FDC-42A3-9474-1A3956D46DE8}") = "src", "src", "{FA8BB3C6-B219-4BC8-8E96-B4F0E9396D13}"
EndProject
Project("{2150E333-8FDC-42A3-9474-1A3956D46DE8}") = "test", "test", "{AE00646D-A067-450D-A1EE-358BBB0CC68D}"
EndProject
Project("{2150E333-8FDC-42A3-9474-1A3956D46DE8}") = "api", "api", "{7155BBB6-0337-444B-BB52-6E0B7BD07391}"
EndProject
Project("{2150E333-8FDC-42A3-9474-1A3956D46DE8}") = "core", "core", "{777ADE69-32CE-4AD2-A0C0-C5349F6DA12E}"
EndProject
Project("{2150E333-8FDC-42A3-9474-1A3956D46DE8}") = "infra", "infra", "{925BA9C7-2C69-407B-8982-C4D2F588F205}"
EndProject
Project("{9A19103F-16F7-4668-BE54-9A1E7A4F7556}") = "Todos.Domain", "Todos.Domain\Todos.Domain.csproj", "{9C4014EA-D1C5-4B34-9C97-D246DB796C4B}"
EndProject
Project("{9A19103F-16F7-4668-BE54-9A1E7A4F7556}") = "Todos.Application", "Todos.Application\Todos.Application.csproj", "{82445694-DD16-49E1-82BF-CABF978792B1}"
EndProject
Project("{FAE04EC0-301F-11D3-BF4B-00C04F79EFBC}") = "Todos.Persistence", "Todos.Persistence\Todos.Persistence.csproj", "{A15956BC-A69E-4431-A0D3-3F36C160F1F1}"
EndProject
Global
	GlobalSection(SolutionConfigurationPlatforms) = preSolution
		Debug|Any CPU = Debug|Any CPU
		Release|Any CPU = Release|Any CPU
	EndGlobalSection
	GlobalSection(ProjectConfigurationPlatforms) = postSolution
		{9C4014EA-D1C5-4B34-9C97-D246DB796C4B}.Debug|Any CPU.ActiveCfg = Debug|Any CPU
		{9C4014EA-D1C5-4B34-9C97-D246DB796C4B}.Debug|Any CPU.Build.0 = Debug|Any CPU
		{9C4014EA-D1C5-4B34-9C97-D246DB796C4B}.Release|Any CPU.ActiveCfg = Release|Any CPU
		{9C4014EA-D1C5-4B34-9C97-D246DB796C4B}.Release|Any CPU.Build.0 = Release|Any CPU
		{82445694-DD16-49E1-82BF-CABF978792B1}.Debug|Any CPU.ActiveCfg = Debug|Any CPU
		{82445694-DD16-49E1-82BF-CABF978792B1}.Debug|Any CPU.Build.0 = Debug|Any CPU
		{82445694-DD16-49E1-82BF-CABF978792B1}.Release|Any CPU.ActiveCfg = Release|Any CPU
		{82445694-DD16-49E1-82BF-CABF978792B1}.Release|Any CPU.Build.0 = Release|Any CPU
		{A15956BC-A69E-4431-A0D3-3F36C160F1F1}.Debug|Any CPU.ActiveCfg = Debug|Any CPU
		{A15956BC-A69E-4431-A0D3-3F36C160F1F1}.Debug|Any CPU.Build.0 = Debug|Any CPU
		{A15956BC-A69E-4431-A0D3-3F36C160F1F1}.Release|Any CPU.ActiveCfg = Release|Any CPU
		{A15956BC-A69E-4431-A0D3-3F36C160F1F1}.Release|Any CPU.Build.0 = Release|Any CPU
	EndGlobalSection
	GlobalSection(SolutionProperties) = preSolution
		HideSolutionNode = FALSE
	EndGlobalSection
	GlobalSection(NestedProjects) = preSolution
		{7155BBB6-0337-444B-BB52-6E0B7BD07391} = {FA8BB3C6-B219-4BC8-8E96-B4F0E9396D13}
		{777ADE69-32CE-4AD2-A0C0-C5349F6DA12E} = {FA8BB3C6-B219-4BC8-8E96-B4F0E9396D13}
		{925BA9C7-2C69-407B-8982-C4D2F588F205} = {FA8BB3C6-B219-4BC8-8E96-B4F0E9396D13}
		{9C4014EA-D1C5-4B34-9C97-D246DB796C4B} = {777ADE69-32CE-4AD2-A0C0-C5349F6DA12E}
		{82445694-DD16-49E1-82BF-CABF978792B1} = {777ADE69-32CE-4AD2-A0C0-C5349F6DA12E}
		{A15956BC-A69E-4431-A0D3-3F36C160F1F1} = {925BA9C7-2C69-407B-8982-C4D2F588F205}
	EndGlobalSection
	GlobalSection(ExtensibilityGlobals) = postSolution
		SolutionGuid = {4DD7EA60-3DD3-40A0-85B5-DAC7D4F05447}
	EndGlobalSection
EndGlobal
